
Microsoft Visual Studio Solution File, Format Version 12.00
# Visual Studio Version 17
VisualStudioVersion = 17.2.32427.441
MinimumVisualStudioVersion = 10.0.40219.1
Project("{FAE04EC0-301F-11D3-BF4B-00C04F79EFBC}") = "UnloadErrorFuckOff", "UnloadErrorFuckOff\UnloadErrorFuckOff.csproj", "{02577DB5-D01F-4A9F-94BF-3D4188A1C808}"
EndProject
Global
	GlobalSection(SolutionConfigurationPlatforms) = preSolution
		Debug|Any CPU = Debug|Any CPU
		Release|Any CPU = Release|Any CPU
	EndGlobalSection
	GlobalSection(ProjectConfigurationPlatforms) = postSolution
		{02577DB5-D01F-4A9F-94BF-3D4188A1C808}.Debug|Any CPU.ActiveCfg = Debug|Any CPU
		{02577DB5-D01F-4A9F-94BF-3D4188A1C808}.Debug|Any CPU.Build.0 = Debug|Any CPU
		{02577DB5-D01F-4A9F-94BF-3D4188A1C808}.Release|Any CPU.ActiveCfg = Release|Any CPU
		{02577DB5-D01F-4A9F-94BF-3D4188A1C808}.Release|Any CPU.Build.0 = Release|Any CPU
	EndGlobalSection
	GlobalSection(SolutionProperties) = preSolution
		HideSolutionNode = FALSE
	EndGlobalSection
	GlobalSection(ExtensibilityGlobals) = postSolution
		SolutionGuid = {C98A010C-7F99-40FB-A4FD-755B2B912E6B}
	EndGlobalSection
EndGlobal
